// !$*UTF8*$!
{
	archiveVersion = 1;
	classes = {
	};
	objectVersion = 46;
	objects = {

/* Begin PBXBuildFile section */
		5F019A811E2C780900A90D00 /* Folder+CoreDataProperties.m in Sources */ = {isa = PBXBuildFile; fileRef = 5F019A7B1E2C780900A90D00 /* Folder+CoreDataProperties.m */; };
		5F019A831E2C780900A90D00 /* Content+CoreDataProperties.m in Sources */ = {isa = PBXBuildFile; fileRef = 5F019A7F1E2C780900A90D00 /* Content+CoreDataProperties.m */; };
		5F019A861E2C8B3800A90D00 /* DataCenter.m in Sources */ = {isa = PBXBuildFile; fileRef = 5F019A851E2C8B3800A90D00 /* DataCenter.m */; };
		5F1CE6111E2DFEEA00C70F9D /* CoreLocation.framework in Frameworks */ = {isa = PBXBuildFile; fileRef = 5F1CE6101E2DFEEA00C70F9D /* CoreLocation.framework */; };
		5F1D07B11E27850800A7A1A9 /* Main.storyboard in Resources */ = {isa = PBXBuildFile; fileRef = 5F1D07AF1E27850800A7A1A9 /* Main.storyboard */; };
		5F376D8A1E27694900090EDB /* FolderViewController.m in Sources */ = {isa = PBXBuildFile; fileRef = 5F376D891E27694900090EDB /* FolderViewController.m */; };
		5F376D8D1E27695000090EDB /* ListViewController.m in Sources */ = {isa = PBXBuildFile; fileRef = 5F376D8C1E27695000090EDB /* ListViewController.m */; };
		5F376D901E27695800090EDB /* WriteViewController.m in Sources */ = {isa = PBXBuildFile; fileRef = 5F376D8F1E27695800090EDB /* WriteViewController.m */; };
		5F8AA0541E260FC30059ED71 /* main.m in Sources */ = {isa = PBXBuildFile; fileRef = 5F8AA0531E260FC30059ED71 /* main.m */; };
		5F8AA0571E260FC30059ED71 /* AppDelegate.m in Sources */ = {isa = PBXBuildFile; fileRef = 5F8AA0561E260FC30059ED71 /* AppDelegate.m */; };
		5F8AA0601E260FC30059ED71 /* Memo.xcdatamodeld in Sources */ = {isa = PBXBuildFile; fileRef = 5F8AA05E1E260FC30059ED71 /* Memo.xcdatamodeld */; };
		5F8AA0621E260FC30059ED71 /* Assets.xcassets in Resources */ = {isa = PBXBuildFile; fileRef = 5F8AA0611E260FC30059ED71 /* Assets.xcassets */; };
		5F8AA0651E260FC30059ED71 /* LaunchScreen.storyboard in Resources */ = {isa = PBXBuildFile; fileRef = 5F8AA0631E260FC30059ED71 /* LaunchScreen.storyboard */; };
/* End PBXBuildFile section */

/* Begin PBXFileReference section */
		5F019A771E2C756A00A90D00 /* PrefixHeader.pch */ = {isa = PBXFileReference; lastKnownFileType = sourcecode.c.h; path = PrefixHeader.pch; sourceTree = "<group>"; };
		5F019A7A1E2C780900A90D00 /* Folder+CoreDataProperties.h */ = {isa = PBXFileReference; fileEncoding = 4; lastKnownFileType = sourcecode.c.h; path = "Folder+CoreDataProperties.h"; sourceTree = "<group>"; };
		5F019A7B1E2C780900A90D00 /* Folder+CoreDataProperties.m */ = {isa = PBXFileReference; fileEncoding = 4; lastKnownFileType = sourcecode.c.objc; path = "Folder+CoreDataProperties.m"; sourceTree = "<group>"; };
		5F019A7E1E2C780900A90D00 /* Content+CoreDataProperties.h */ = {isa = PBXFileReference; fileEncoding = 4; lastKnownFileType = sourcecode.c.h; path = "Content+CoreDataProperties.h"; sourceTree = "<group>"; };
		5F019A7F1E2C780900A90D00 /* Content+CoreDataProperties.m */ = {isa = PBXFileReference; fileEncoding = 4; lastKnownFileType = sourcecode.c.objc; path = "Content+CoreDataProperties.m"; sourceTree = "<group>"; };
		5F019A841E2C8B3800A90D00 /* DataCenter.h */ = {isa = PBXFileReference; fileEncoding = 4; lastKnownFileType = sourcecode.c.h; path = DataCenter.h; sourceTree = "<group>"; };
		5F019A851E2C8B3800A90D00 /* DataCenter.m */ = {isa = PBXFileReference; fileEncoding = 4; lastKnownFileType = sourcecode.c.objc; path = DataCenter.m; sourceTree = "<group>"; };
		5F1CE6101E2DFEEA00C70F9D /* CoreLocation.framework */ = {isa = PBXFileReference; lastKnownFileType = wrapper.framework; name = CoreLocation.framework; path = System/Library/Frameworks/CoreLocation.framework; sourceTree = SDKROOT; };
		5F1D07B01E27850800A7A1A9 /* Base */ = {isa = PBXFileReference; lastKnownFileType = file.storyboard; name = Base; path = Base.lproj/Main.storyboard; sourceTree = "<group>"; };
		5F376D881E27694900090EDB /* FolderViewController.h */ = {isa = PBXFileReference; fileEncoding = 4; lastKnownFileType = sourcecode.c.h; path = FolderViewController.h; sourceTree = "<group>"; };
		5F376D891E27694900090EDB /* FolderViewController.m */ = {isa = PBXFileReference; fileEncoding = 4; lastKnownFileType = sourcecode.c.objc; path = FolderViewController.m; sourceTree = "<group>"; };
		5F376D8B1E27695000090EDB /* ListViewController.h */ = {isa = PBXFileReference; fileEncoding = 4; lastKnownFileType = sourcecode.c.h; path = ListViewController.h; sourceTree = "<group>"; };
		5F376D8C1E27695000090EDB /* ListViewController.m */ = {isa = PBXFileReference; fileEncoding = 4; lastKnownFileType = sourcecode.c.objc; path = ListViewController.m; sourceTree = "<group>"; };
		5F376D8E1E27695800090EDB /* WriteViewController.h */ = {isa = PBXFileReference; fileEncoding = 4; lastKnownFileType = sourcecode.c.h; path = WriteViewController.h; sourceTree = "<group>"; };
		5F376D8F1E27695800090EDB /* WriteViewController.m */ = {isa = PBXFileReference; fileEncoding = 4; lastKnownFileType = sourcecode.c.objc; path = WriteViewController.m; sourceTree = "<group>"; };
		5F8AA04F1E260FC30059ED71 /* Memo.app */ = {isa = PBXFileReference; explicitFileType = wrapper.application; includeInIndex = 0; path = Memo.app; sourceTree = BUILT_PRODUCTS_DIR; };
		5F8AA0531E260FC30059ED71 /* main.m */ = {isa = PBXFileReference; lastKnownFileType = sourcecode.c.objc; path = main.m; sourceTree = "<group>"; };
		5F8AA0551E260FC30059ED71 /* AppDelegate.h */ = {isa = PBXFileReference; lastKnownFileType = sourcecode.c.h; path = AppDelegate.h; sourceTree = "<group>"; };
		5F8AA0561E260FC30059ED71 /* AppDelegate.m */ = {isa = PBXFileReference; lastKnownFileType = sourcecode.c.objc; path = AppDelegate.m; sourceTree = "<group>"; };
		5F8AA05F1E260FC30059ED71 /* Memo.xcdatamodel */ = {isa = PBXFileReference; lastKnownFileType = wrapper.xcdatamodel; path = Memo.xcdatamodel; sourceTree = "<group>"; };
		5F8AA0611E260FC30059ED71 /* Assets.xcassets */ = {isa = PBXFileReference; lastKnownFileType = folder.assetcatalog; path = Assets.xcassets; sourceTree = "<group>"; };
		5F8AA0641E260FC30059ED71 /* Base */ = {isa = PBXFileReference; lastKnownFileType = file.storyboard; name = Base; path = Base.lproj/LaunchScreen.storyboard; sourceTree = "<group>"; };
		5F8AA0661E260FC30059ED71 /* Info.plist */ = {isa = PBXFileReference; lastKnownFileType = text.plist.xml; name = Info.plist; path = Memo/Info.plist; sourceTree = "<group>"; };
/* End PBXFileReference section */

/* Begin PBXFrameworksBuildPhase section */
		5F8AA04C1E260FC30059ED71 /* Frameworks */ = {
			isa = PBXFrameworksBuildPhase;
			buildActionMask = 2147483647;
			files = (
				5F1CE6111E2DFEEA00C70F9D /* CoreLocation.framework in Frameworks */,
			);
			runOnlyForDeploymentPostprocessing = 0;
		};
/* End PBXFrameworksBuildPhase section */

/* Begin PBXGroup section */
		5F1CE60F1E2DFEEA00C70F9D /* Frameworks */ = {
			isa = PBXGroup;
			children = (
				5F1CE6101E2DFEEA00C70F9D /* CoreLocation.framework */,
			);
			name = Frameworks;
			sourceTree = "<group>";
		};
		5F1D07AA1E277E7700A7A1A9 /* Storyboard */ = {
			isa = PBXGroup;
			children = (
				5F1D07AF1E27850800A7A1A9 /* Main.storyboard */,
				5F8AA0631E260FC30059ED71 /* LaunchScreen.storyboard */,
			);
			name = Storyboard;
			sourceTree = "<group>";
		};
		5F1D07AC1E277EA600A7A1A9 /* ViewController */ = {
			isa = PBXGroup;
			children = (
				5F376D881E27694900090EDB /* FolderViewController.h */,
				5F376D891E27694900090EDB /* FolderViewController.m */,
				5F376D8B1E27695000090EDB /* ListViewController.h */,
				5F376D8C1E27695000090EDB /* ListViewController.m */,
				5F376D8E1E27695800090EDB /* WriteViewController.h */,
				5F376D8F1E27695800090EDB /* WriteViewController.m */,
			);
			name = ViewController;
			sourceTree = "<group>";
		};
		5F7D69491E42F04B00A31186 /* Data */ = {
			isa = PBXGroup;
			children = (
				5F019A7E1E2C780900A90D00 /* Content+CoreDataProperties.h */,
				5F019A7F1E2C780900A90D00 /* Content+CoreDataProperties.m */,
				5F019A7A1E2C780900A90D00 /* Folder+CoreDataProperties.h */,
				5F019A7B1E2C780900A90D00 /* Folder+CoreDataProperties.m */,
				5F8AA05E1E260FC30059ED71 /* Memo.xcdatamodeld */,
				5F8AA0661E260FC30059ED71 /* Info.plist */,
			);
			name = Data;
			path = ..;
			sourceTree = "<group>";
		};
		5F8AA0461E260FC30059ED71 = {
			isa = PBXGroup;
			children = (
				5F8AA0511E260FC30059ED71 /* Memo */,
				5F8AA0501E260FC30059ED71 /* Products */,
				5F1CE60F1E2DFEEA00C70F9D /* Frameworks */,
			);
			sourceTree = "<group>";
		};
		5F8AA0501E260FC30059ED71 /* Products */ = {
			isa = PBXGroup;
			children = (
				5F8AA04F1E260FC30059ED71 /* Memo.app */,
			);
			name = Products;
			sourceTree = "<group>";
		};
		5F8AA0511E260FC30059ED71 /* Memo */ = {
			isa = PBXGroup;
			children = (
				5F8AA0551E260FC30059ED71 /* AppDelegate.h */,
				5F8AA0561E260FC30059ED71 /* AppDelegate.m */,
				5F019A771E2C756A00A90D00 /* PrefixHeader.pch */,
				5F019A841E2C8B3800A90D00 /* DataCenter.h */,
				5F019A851E2C8B3800A90D00 /* DataCenter.m */,
				5F1D07AC1E277EA600A7A1A9 /* ViewController */,
				5F1D07AA1E277E7700A7A1A9 /* Storyboard */,
				5F7D69491E42F04B00A31186 /* Data */,
				5F8AA0611E260FC30059ED71 /* Assets.xcassets */,
				5F8AA0521E260FC30059ED71 /* Supporting Files */,
			);
			path = Memo;
			sourceTree = "<group>";
		};
		5F8AA0521E260FC30059ED71 /* Supporting Files */ = {
			isa = PBXGroup;
			children = (
				5F8AA0531E260FC30059ED71 /* main.m */,
			);
			name = "Supporting Files";
			sourceTree = "<group>";
		};
/* End PBXGroup section */

/* Begin PBXNativeTarget section */
		5F8AA04E1E260FC30059ED71 /* Memo */ = {
			isa = PBXNativeTarget;
			buildConfigurationList = 5F8AA0691E260FC30059ED71 /* Build configuration list for PBXNativeTarget "Memo" */;
			buildPhases = (
				5F8AA04B1E260FC30059ED71 /* Sources */,
				5F8AA04C1E260FC30059ED71 /* Frameworks */,
				5F8AA04D1E260FC30059ED71 /* Resources */,
			);
			buildRules = (
			);
			dependencies = (
			);
			name = Memo;
			productName = Memo;
			productReference = 5F8AA04F1E260FC30059ED71 /* Memo.app */;
			productType = "com.apple.product-type.application";
		};
/* End PBXNativeTarget section */

/* Begin PBXProject section */
		5F8AA0471E260FC30059ED71 /* Project object */ = {
			isa = PBXProject;
			attributes = {
				LastUpgradeCheck = 0820;
				ORGANIZATIONNAME = chaving;
				TargetAttributes = {
					5F8AA04E1E260FC30059ED71 = {
						CreatedOnToolsVersion = 8.2.1;
						ProvisioningStyle = Automatic;
					};
				};
			};
			buildConfigurationList = 5F8AA04A1E260FC30059ED71 /* Build configuration list for PBXProject "Memo" */;
			compatibilityVersion = "Xcode 3.2";
			developmentRegion = English;
			hasScannedForEncodings = 0;
			knownRegions = (
				en,
				Base,
			);
			mainGroup = 5F8AA0461E260FC30059ED71;
			productRefGroup = 5F8AA0501E260FC30059ED71 /* Products */;
			projectDirPath = "";
			projectRoot = "";
			targets = (
				5F8AA04E1E260FC30059ED71 /* Memo */,
			);
		};
/* End PBXProject section */

/* Begin PBXResourcesBuildPhase section */
		5F8AA04D1E260FC30059ED71 /* Resources */ = {
			isa = PBXResourcesBuildPhase;
			buildActionMask = 2147483647;
			files = (
				5F1D07B11E27850800A7A1A9 /* Main.storyboard in Resources */,
				5F8AA0651E260FC30059ED71 /* LaunchScreen.storyboard in Resources */,
				5F8AA0621E260FC30059ED71 /* Assets.xcassets in Resources */,
			);
			runOnlyForDeploymentPostprocessing = 0;
		};
/* End PBXResourcesBuildPhase section */

/* Begin PBXSourcesBuildPhase section */
		5F8AA04B1E260FC30059ED71 /* Sources */ = {
			isa = PBXSourcesBuildPhase;
			buildActionMask = 2147483647;
			files = (
				5F376D8A1E27694900090EDB /* FolderViewController.m in Sources */,
				5F376D8D1E27695000090EDB /* ListViewController.m in Sources */,
				5F8AA0571E260FC30059ED71 /* AppDelegate.m in Sources */,
				5F8AA0541E260FC30059ED71 /* main.m in Sources */,
				5F019A811E2C780900A90D00 /* Folder+CoreDataProperties.m in Sources */,
				5F019A831E2C780900A90D00 /* Content+CoreDataProperties.m in Sources */,
				5F376D901E27695800090EDB /* WriteViewController.m in Sources */,
				5F019A861E2C8B3800A90D00 /* DataCenter.m in Sources */,
				5F8AA0601E260FC30059ED71 /* Memo.xcdatamodeld in Sources */,
			);
			runOnlyForDeploymentPostprocessing = 0;
		};
/* End PBXSourcesBuildPhase section */

/* Begin PBXVariantGroup section */
		5F1D07AF1E27850800A7A1A9 /* Main.storyboard */ = {
			isa = PBXVariantGroup;
			children = (
				5F1D07B01E27850800A7A1A9 /* Base */,
			);
			name = Main.storyboard;
			sourceTree = "<group>";
		};
		5F8AA0631E260FC30059ED71 /* LaunchScreen.storyboard */ = {
			isa = PBXVariantGroup;
			children = (
				5F8AA0641E260FC30059ED71 /* Base */,
			);
			name = LaunchScreen.storyboard;
			sourceTree = "<group>";
		};
/* End PBXVariantGroup section */

/* Begin XCBuildConfiguration section */
		5F8AA0671E260FC30059ED71 /* Debug */ = {
			isa = XCBuildConfiguration;
			buildSettings = {
				ALWAYS_SEARCH_USER_PATHS = NO;
				CLANG_ANALYZER_NONNULL = YES;
				CLANG_CXX_LANGUAGE_STANDARD = "gnu++0x";
				CLANG_CXX_LIBRARY = "libc++";
				CLANG_ENABLE_MODULES = YES;
				CLANG_ENABLE_OBJC_ARC = YES;
				CLANG_WARN_BOOL_CONVERSION = YES;
				CLANG_WARN_CONSTANT_CONVERSION = YES;
				CLANG_WARN_DIRECT_OBJC_ISA_USAGE = YES_ERROR;
				CLANG_WARN_DOCUMENTATION_COMMENTS = YES;
				CLANG_WARN_EMPTY_BODY = YES;
				CLANG_WARN_ENUM_CONVERSION = YES;
				CLANG_WARN_INFINITE_RECURSION = YES;
				CLANG_WARN_INT_CONVERSION = YES;
				CLANG_WARN_OBJC_ROOT_CLASS = YES_ERROR;
				CLANG_WARN_SUSPICIOUS_MOVE = YES;
				CLANG_WARN_UNREACHABLE_CODE = YES;
				CLANG_WARN__DUPLICATE_METHOD_MATCH = YES;
				"CODE_SIGN_IDENTITY[sdk=iphoneos*]" = "iPhone Developer";
				COPY_PHASE_STRIP = NO;
				DEBUG_INFORMATION_FORMAT = dwarf;
				ENABLE_STRICT_OBJC_MSGSEND = YES;
				ENABLE_TESTABILITY = YES;
				GCC_C_LANGUAGE_STANDARD = gnu99;
				GCC_DYNAMIC_NO_PIC = NO;
				GCC_NO_COMMON_BLOCKS = YES;
				GCC_OPTIMIZATION_LEVEL = 0;
				GCC_PREPROCESSOR_DEFINITIONS = (
					"DEBUG=1",
					"$(inherited)",
				);
				GCC_WARN_64_TO_32_BIT_CONVERSION = YES;
				GCC_WARN_ABOUT_RETURN_TYPE = YES_ERROR;
				GCC_WARN_UNDECLARED_SELECTOR = YES;
				GCC_WARN_UNINITIALIZED_AUTOS = YES_AGGRESSIVE;
				GCC_WARN_UNUSED_FUNCTION = YES;
				GCC_WARN_UNUSED_VARIABLE = YES;
				IPHONEOS_DEPLOYMENT_TARGET = 10.2;
				MTL_ENABLE_DEBUG_INFO = YES;
				ONLY_ACTIVE_ARCH = YES;
				SDKROOT = iphoneos;
			};
			name = Debug;
		};
		5F8AA0681E260FC30059ED71 /* Release */ = {
			isa = XCBuildConfiguration;
			buildSettings = {
				ALWAYS_SEARCH_USER_PATHS = NO;
				CLANG_ANALYZER_NONNULL = YES;
				CLANG_CXX_LANGUAGE_STANDARD = "gnu++0x";
				CLANG_CXX_LIBRARY = "libc++";
				CLANG_ENABLE_MODULES = YES;
				CLANG_ENABLE_OBJC_ARC = YES;
				CLANG_WARN_BOOL_CONVERSION = YES;
				CLANG_WARN_CONSTANT_CONVERSION = YES;
				CLANG_WARN_DIRECT_OBJC_ISA_USAGE = YES_ERROR;
				CLANG_WARN_DOCUMENTATION_COMMENTS = YES;
				CLANG_WARN_EMPTY_BODY = YES;
				CLANG_WARN_ENUM_CONVERSION = YES;
				CLANG_WARN_INFINITE_RECURSION = YES;
				CLANG_WARN_INT_CONVERSION = YES;
				CLANG_WARN_OBJC_ROOT_CLASS = YES_ERROR;
				CLANG_WARN_SUSPICIOUS_MOVE = YES;
				CLANG_WARN_UNREACHABLE_CODE = YES;
				CLANG_WARN__DUPLICATE_METHOD_MATCH = YES;
				"CODE_SIGN_IDENTITY[sdk=iphoneos*]" = "iPhone Developer";
				COPY_PHASE_STRIP = NO;
				DEBUG_INFORMATION_FORMAT = "dwarf-with-dsym";
				ENABLE_NS_ASSERTIONS = NO;
				ENABLE_STRICT_OBJC_MSGSEND = YES;
				GCC_C_LANGUAGE_STANDARD = gnu99;
				GCC_NO_COMMON_BLOCKS = YES;
				GCC_WARN_64_TO_32_BIT_CONVERSION = YES;
				GCC_WARN_ABOUT_RETURN_TYPE = YES_ERROR;
				GCC_WARN_UNDECLARED_SELECTOR = YES;
				GCC_WARN_UNINITIALIZED_AUTOS = YES_AGGRESSIVE;
				GCC_WARN_UNUSED_FUNCTION = YES;
				GCC_WARN_UNUSED_VARIABLE = YES;
				IPHONEOS_DEPLOYMENT_TARGET = 10.2;
				MTL_ENABLE_DEBUG_INFO = NO;
				SDKROOT = iphoneos;
				VALIDATE_PRODUCT = YES;
			};
			name = Release;
		};
		5F8AA06A1E260FC30059ED71 /* Debug */ = {
			isa = XCBuildConfiguration;
			buildSettings = {
				ASSETCATALOG_COMPILER_APPICON_NAME = AppIcon;
				GCC_PRECOMPILE_PREFIX_HEADER = YES;
				GCC_PREFIX_HEADER = "$(SRCROOT)/$(PRODUCT_NAME)/PrefixHeader.pch";
				INFOPLIST_FILE = Memo/Info.plist;
				LD_RUNPATH_SEARCH_PATHS = "$(inherited) @executable_path/Frameworks";
				PRODUCT_BUNDLE_IDENTIFIER = com.test.Memo;
				PRODUCT_NAME = "$(TARGET_NAME)";
			};
			name = Debug;
		};
		5F8AA06B1E260FC30059ED71 /* Release */ = {
			isa = XCBuildConfiguration;
			buildSettings = {
				ASSETCATALOG_COMPILER_APPICON_NAME = AppIcon;
				GCC_PRECOMPILE_PREFIX_HEADER = YES;
				GCC_PREFIX_HEADER = "$(SRCROOT)/$(PRODUCT_NAME)/PrefixHeader.pch";
				INFOPLIST_FILE = Memo/Info.plist;
				LD_RUNPATH_SEARCH_PATHS = "$(inherited) @executable_path/Frameworks";
				PRODUCT_BUNDLE_IDENTIFIER = com.test.Memo;
				PRODUCT_NAME = "$(TARGET_NAME)";
			};
			name = Release;
		};
/* End XCBuildConfiguration section */

/* Begin XCConfigurationList section */
		5F8AA04A1E260FC30059ED71 /* Build configuration list for PBXProject "Memo" */ = {
			isa = XCConfigurationList;
			buildConfigurations = (
				5F8AA0671E260FC30059ED71 /* Debug */,
				5F8AA0681E260FC30059ED71 /* Release */,
			);
			defaultConfigurationIsVisible = 0;
			defaultConfigurationName = Release;
		};
		5F8AA0691E260FC30059ED71 /* Build configuration list for PBXNativeTarget "Memo" */ = {
			isa = XCConfigurationList;
			buildConfigurations = (
				5F8AA06A1E260FC30059ED71 /* Debug */,
				5F8AA06B1E260FC30059ED71 /* Release */,
			);
			defaultConfigurationIsVisible = 0;
			defaultConfigurationName = Release;
		};
/* End XCConfigurationList section */

/* Begin XCVersionGroup section */
		5F8AA05E1E260FC30059ED71 /* Memo.xcdatamodeld */ = {
			isa = XCVersionGroup;
			children = (
				5F8AA05F1E260FC30059ED71 /* Memo.xcdatamodel */,
			);
			currentVersion = 5F8AA05F1E260FC30059ED71 /* Memo.xcdatamodel */;
			name = Memo.xcdatamodeld;
			path = Memo/Memo.xcdatamodeld;
			sourceTree = "<group>";
			versionGroupType = wrapper.xcdatamodel;
		};
/* End XCVersionGroup section */
	};
	rootObject = 5F8AA0471E260FC30059ED71 /* Project object */;
}
